NeoBundleLock ctrlp.vim bc94048c41acaeaf3e4e9d4a6b3074a9f5cb9775
NeoBundleLock git-vim 19b88ad4f00ac570118111b1bc9544f35aae6a49
NeoBundleLock neobundle.vim 27c473e6b8c0d9aef620d4a993615a5537175e36
NeoBundleLock neosnippet-snippets d2296c11d759fa5dd9a0b7f2f554e223e9adad7f
NeoBundleLock neosnippet.vim 044c9cb8ca46a5e27eec37198990c26fe707b02a
NeoBundleLock nerdtree 3b98a7fcae8f9fff356907171f0406ff8cd28921
NeoBundleLock supertab 454c06e25680799b6f408622d6bfbaf920ace825
NeoBundleLock vim-airline 446397e006d8cba9e1ac38d8c656ba39218c139b
NeoBundleLock vim-autoclose a9a3b7384657bc1f60a963fd6c08c63fc48d61c3
NeoBundleLock vim-bundler 48abb774c72732a75f8ab05ee7493b1041dd8ae8
NeoBundleLock vim-colorschemes 81c6dd7ce3169e5ad9ba92422ba6e1ce5b074e36
NeoBundleLock vim-commentary 9c685131a5facfa0d643feca3a61b41c007d8170
NeoBundleLock vim-endwise bba43b831ae0485cf9b86d16340a6a314b927391
NeoBundleLock vim-fugitive 933f6a1e1df549564062f936bd1c836d28cf1676
NeoBundleLock vim-gitgutter e5efbaffc066ababc9ae0d689c7050fa5d6591bd
NeoBundleLock vim-polyglot b7a30b1f1a963902d9743ae229a1f9d18b887e17
NeoBundleLock vim-rails 5f9da92cda40dfa8d63899a9f60d7e8782a3cff8
NeoBundleLock vim-tmux-navigator 85b8e5f60c1690cde57dbb66467ce39cd1b63343
NeoBundleLock vimshell 3787e52766812d8b99a93ccdda57517bc2a0bab6
